// !$*UTF8*$!
{
	archiveVersion = 1;
	classes = {
	};
	objectVersion = 50;
	objects = {

/* Begin PBXBuildFile section */
		23FB5FED2362AF0A000CF140 /* AppDelegate.swift in Sources */ = {isa = PBXBuildFile; fileRef = 23FB5FEC2362AF0A000CF140 /* AppDelegate.swift */; };
		23FB5FEF2362AF0A000CF140 /* ViewController.swift in Sources */ = {isa = PBXBuildFile; fileRef = 23FB5FEE2362AF0A000CF140 /* ViewController.swift */; };
		23FB5FF22362AF0A000CF140 /* Main.storyboard in Resources */ = {isa = PBXBuildFile; fileRef = 23FB5FF02362AF0A000CF140 /* Main.storyboard */; };
		23FB5FF42362AF16000CF140 /* Assets.xcassets in Resources */ = {isa = PBXBuildFile; fileRef = 23FB5FF32362AF16000CF140 /* Assets.xcassets */; };
		23FB5FF72362AF16000CF140 /* LaunchScreen.storyboard in Resources */ = {isa = PBXBuildFile; fileRef = 23FB5FF52362AF16000CF140 /* LaunchScreen.storyboard */; };
		23FB60022362AF17000CF140 /* TableViewTests.swift in Sources */ = {isa = PBXBuildFile; fileRef = 23FB60012362AF17000CF140 /* TableViewTests.swift */; };
		23FB600D2362AF17000CF140 /* TableViewUITests.swift in Sources */ = {isa = PBXBuildFile; fileRef = 23FB600C2362AF17000CF140 /* TableViewUITests.swift */; };
/* End PBXBuildFile section */

/* Begin PBXContainerItemProxy section */
		23FB5FFE2362AF17000CF140 /* PBXContainerItemProxy */ = {
			isa = PBXContainerItemProxy;
			containerPortal = 23FB5FE12362AF09000CF140 /* Project object */;
			proxyType = 1;
			remoteGlobalIDString = 23FB5FE82362AF09000CF140;
			remoteInfo = TableView;
		};
		23FB60092362AF17000CF140 /* PBXContainerItemProxy */ = {
			isa = PBXContainerItemProxy;
			containerPortal = 23FB5FE12362AF09000CF140 /* Project object */;
			proxyType = 1;
			remoteGlobalIDString = 23FB5FE82362AF09000CF140;
			remoteInfo = TableView;
		};
/* End PBXContainerItemProxy section */

/* Begin PBXFileReference section */
		23FB5FE92362AF09000CF140 /* TableView.app */ = {isa = PBXFileReference; explicitFileType = wrapper.application; includeInIndex = 0; path = TableView.app; sourceTree = BUILT_PRODUCTS_DIR; };
		23FB5FEC2362AF0A000CF140 /* AppDelegate.swift */ = {isa = PBXFileReference; lastKnownFileType = sourcecode.swift; path = AppDelegate.swift; sourceTree = "<group>"; };
		23FB5FEE2362AF0A000CF140 /* ViewController.swift */ = {isa = PBXFileReference; lastKnownFileType = sourcecode.swift; path = ViewController.swift; sourceTree = "<group>"; };
		23FB5FF12362AF0A000CF140 /* Base */ = {isa = PBXFileReference; lastKnownFileType = file.storyboard; name = Base; path = Base.lproj/Main.storyboard; sourceTree = "<group>"; };
		23FB5FF32362AF16000CF140 /* Assets.xcassets */ = {isa = PBXFileReference; lastKnownFileType = folder.assetcatalog; path = Assets.xcassets; sourceTree = "<group>"; };
		23FB5FF62362AF16000CF140 /* Base */ = {isa = PBXFileReference; lastKnownFileType = file.storyboard; name = Base; path = Base.lproj/LaunchScreen.storyboard; sourceTree = "<group>"; };
		23FB5FF82362AF16000CF140 /* Info.plist */ = {isa = PBXFileReference; lastKnownFileType = text.plist.xml; path = Info.plist; sourceTree = "<group>"; };
		23FB5FFD2362AF17000CF140 /* TableViewTests.xctest */ = {isa = PBXFileReference; explicitFileType = wrapper.cfbundle; includeInIndex = 0; path = TableViewTests.xctest; sourceTree = BUILT_PRODUCTS_DIR; };
		23FB60012362AF17000CF140 /* TableViewTests.swift */ = {isa = PBXFileReference; lastKnownFileType = sourcecode.swift; path = TableViewTests.swift; sourceTree = "<group>"; };
		23FB60032362AF17000CF140 /* Info.plist */ = {isa = PBXFileReference; lastKnownFileType = text.plist.xml; path = Info.plist; sourceTree = "<group>"; };
		23FB60082362AF17000CF140 /* TableViewUITests.xctest */ = {isa = PBXFileReference; explicitFileType = wrapper.cfbundle; includeInIndex = 0; path = TableViewUITests.xctest; sourceTree = BUILT_PRODUCTS_DIR; };
		23FB600C2362AF17000CF140 /* TableViewUITests.swift */ = {isa = PBXFileReference; lastKnownFileType = sourcecode.swift; path = TableViewUITests.swift; sourceTree = "<group>"; };
		23FB600E2362AF17000CF140 /* Info.plist */ = {isa = PBXFileReference; lastKnownFileType = text.plist.xml; path = Info.plist; sourceTree = "<group>"; };
/* End PBXFileReference section */

/* Begin PBXFrameworksBuildPhase section */
		23FB5FE62362AF09000CF140 /* Frameworks */ = {
			isa = PBXFrameworksBuildPhase;
			buildActionMask = 2147483647;
			files = (
			);
			runOnlyForDeploymentPostprocessing = 0;
		};
		23FB5FFA2362AF17000CF140 /* Frameworks */ = {
			isa = PBXFrameworksBuildPhase;
			buildActionMask = 2147483647;
			files = (
			);
			runOnlyForDeploymentPostprocessing = 0;
		};
		23FB60052362AF17000CF140 /* Frameworks */ = {
			isa = PBXFrameworksBuildPhase;
			buildActionMask = 2147483647;
			files = (
			);
			runOnlyForDeploymentPostprocessing = 0;
		};
/* End PBXFrameworksBuildPhase section */

/* Begin PBXGroup section */
		23FB5FE02362AF09000CF140 = {
			isa = PBXGroup;
			children = (
				23FB5FEB2362AF09000CF140 /* TableView */,
				23FB60002362AF17000CF140 /* TableViewTests */,
				23FB600B2362AF17000CF140 /* TableViewUITests */,
				23FB5FEA2362AF09000CF140 /* Products */,
			);
			sourceTree = "<group>";
		};
		23FB5FEA2362AF09000CF140 /* Products */ = {
			isa = PBXGroup;
			children = (
				23FB5FE92362AF09000CF140 /* TableView.app */,
				23FB5FFD2362AF17000CF140 /* TableViewTests.xctest */,
				23FB60082362AF17000CF140 /* TableViewUITests.xctest */,
			);
			name = Products;
			sourceTree = "<group>";
		};
		23FB5FEB2362AF09000CF140 /* TableView */ = {
			isa = PBXGroup;
			children = (
				23FB5FEC2362AF0A000CF140 /* AppDelegate.swift */,
				23FB5FEE2362AF0A000CF140 /* ViewController.swift */,
				23FB5FF02362AF0A000CF140 /* Main.storyboard */,
				23FB5FF32362AF16000CF140 /* Assets.xcassets */,
				23FB5FF52362AF16000CF140 /* LaunchScreen.storyboard */,
				23FB5FF82362AF16000CF140 /* Info.plist */,
			);
			path = TableView;
			sourceTree = "<group>";
		};
		23FB60002362AF17000CF140 /* TableViewTests */ = {
			isa = PBXGroup;
			children = (
				23FB60012362AF17000CF140 /* TableViewTests.swift */,
				23FB60032362AF17000CF140 /* Info.plist */,
			);
			path = TableViewTests;
			sourceTree = "<group>";
		};
		23FB600B2362AF17000CF140 /* TableViewUITests */ = {
			isa = PBXGroup;
			children = (
				23FB600C2362AF17000CF140 /* TableViewUITests.swift */,
				23FB600E2362AF17000CF140 /* Info.plist */,
			);
			path = TableViewUITests;
			sourceTree = "<group>";
		};
/* End PBXGroup section */

/* Begin PBXNativeTarget section */
		23FB5FE82362AF09000CF140 /* TableView */ = {
			isa = PBXNativeTarget;
			buildConfigurationList = 23FB60112362AF17000CF140 /* Build configuration list for PBXNativeTarget "TableView" */;
			buildPhases = (
				23FB5FE52362AF09000CF140 /* Sources */,
				23FB5FE62362AF09000CF140 /* Frameworks */,
				23FB5FE72362AF09000CF140 /* Resources */,
			);
			buildRules = (
			);
			dependencies = (
			);
			name = TableView;
			productName = TableView;
			productReference = 23FB5FE92362AF09000CF140 /* TableView.app */;
			productType = "com.apple.product-type.application";
		};
		23FB5FFC2362AF17000CF140 /* TableViewTests */ = {
			isa = PBXNativeTarget;
			buildConfigurationList = 23FB60142362AF17000CF140 /* Build configuration list for PBXNativeTarget "TableViewTests" */;
			buildPhases = (
				23FB5FF92362AF17000CF140 /* Sources */,
				23FB5FFA2362AF17000CF140 /* Frameworks */,
				23FB5FFB2362AF17000CF140 /* Resources */,
			);
			buildRules = (
			);
			dependencies = (
				23FB5FFF2362AF17000CF140 /* PBXTargetDependency */,
			);
			name = TableViewTests;
			productName = TableViewTests;
			productReference = 23FB5FFD2362AF17000CF140 /* TableViewTests.xctest */;
			productType = "com.apple.product-type.bundle.unit-test";
		};
		23FB60072362AF17000CF140 /* TableViewUITests */ = {
			isa = PBXNativeTarget;
			buildConfigurationList = 23FB60172362AF17000CF140 /* Build configuration list for PBXNativeTarget "TableViewUITests" */;
			buildPhases = (
				23FB60042362AF17000CF140 /* Sources */,
				23FB60052362AF17000CF140 /* Frameworks */,
				23FB60062362AF17000CF140 /* Resources */,
			);
			buildRules = (
			);
			dependencies = (
				23FB600A2362AF17000CF140 /* PBXTargetDependency */,
			);
			name = TableViewUITests;
			productName = TableViewUITests;
			productReference = 23FB60082362AF17000CF140 /* TableViewUITests.xctest */;
			productType = "com.apple.product-type.bundle.ui-testing";
		};
/* End PBXNativeTarget section */

/* Begin PBXProject section */
		23FB5FE12362AF09000CF140 /* Project object */ = {
			isa = PBXProject;
			attributes = {
				LastSwiftUpdateCheck = 1030;
				LastUpgradeCheck = 1030;
				ORGANIZATIONNAME = "MAN WAI HO";
				TargetAttributes = {
					23FB5FE82362AF09000CF140 = {
						CreatedOnToolsVersion = 10.3;
					};
					23FB5FFC2362AF17000CF140 = {
						CreatedOnToolsVersion = 10.3;
						TestTargetID = 23FB5FE82362AF09000CF140;
					};
					23FB60072362AF17000CF140 = {
						CreatedOnToolsVersion = 10.3;
						TestTargetID = 23FB5FE82362AF09000CF140;
					};
				};
			};
			buildConfigurationList = 23FB5FE42362AF09000CF140 /* Build configuration list for PBXProject "TableView" */;
			compatibilityVersion = "Xcode 9.3";
			developmentRegion = en;
			hasScannedForEncodings = 0;
			knownRegions = (
				en,
				Base,
			);
			mainGroup = 23FB5FE02362AF09000CF140;
			productRefGroup = 23FB5FEA2362AF09000CF140 /* Products */;
			projectDirPath = "";
			projectRoot = "";
			targets = (
				23FB5FE82362AF09000CF140 /* TableView */,
				23FB5FFC2362AF17000CF140 /* TableViewTests */,
				23FB60072362AF17000CF140 /* TableViewUITests */,
			);
		};
/* End PBXProject section */

/* Begin PBXResourcesBuildPhase section */
		23FB5FE72362AF09000CF140 /* Resources */ = {
			isa = PBXResourcesBuildPhase;
			buildActionMask = 2147483647;
			files = (
				23FB5FF72362AF16000CF140 /* LaunchScreen.storyboard in Resources */,
				23FB5FF42362AF16000CF140 /* Assets.xcassets in Resources */,
				23FB5FF22362AF0A000CF140 /* Main.storyboard in Resources */,
			);
			runOnlyForDeploymentPostprocessing = 0;
		};
		23FB5FFB2362AF17000CF140 /* Resources */ = {
			isa = PBXResourcesBuildPhase;
			buildActionMask = 2147483647;
			files = (
			);
			runOnlyForDeploymentPostprocessing = 0;
		};
		23FB60062362AF17000CF140 /* Resources */ = {
			isa = PBXResourcesBuildPhase;
			buildActionMask = 2147483647;
			files = (
			);
			runOnlyForDeploymentPostprocessing = 0;
		};
/* End PBXResourcesBuildPhase section */

/* Begin PBXSourcesBuildPhase section */
		23FB5FE52362AF09000CF140 /* Sources */ = {
			isa = PBXSourcesBuildPhase;
			buildActionMask = 2147483647;
			files = (
				23FB5FEF2362AF0A000CF140 /* ViewController.swift in Sources */,
				23FB5FED2362AF0A000CF140 /* AppDelegate.swift in Sources */,
			);
			runOnlyForDeploymentPostprocessing = 0;
		};
		23FB5FF92362AF17000CF140 /* Sources */ = {
			isa = PBXSourcesBuildPhase;
			buildActionMask = 2147483647;
			files = (
				23FB60022362AF17000CF140 /* TableViewTests.swift in Sources */,
			);
			runOnlyForDeploymentPostprocessing = 0;
		};
		23FB60042362AF17000CF140 /* Sources */ = {
			isa = PBXSourcesBuildPhase;
			buildActionMask = 2147483647;
			files = (
				23FB600D2362AF17000CF140 /* TableViewUITests.swift in Sources */,
			);
			runOnlyForDeploymentPostprocessing = 0;
		};
/* End PBXSourcesBuildPhase section */

/* Begin PBXTargetDependency section */
		23FB5FFF2362AF17000CF140 /* PBXTargetDependency */ = {
			isa = PBXTargetDependency;
			target = 23FB5FE82362AF09000CF140 /* TableView */;
			targetProxy = 23FB5FFE2362AF17000CF140 /* PBXContainerItemProxy */;
		};
		23FB600A2362AF17000CF140 /* PBXTargetDependency */ = {
			isa = PBXTargetDependency;
			target = 23FB5FE82362AF09000CF140 /* TableView */;
			targetProxy = 23FB60092362AF17000CF140 /* PBXContainerItemProxy */;
		};
/* End PBXTargetDependency section */

/* Begin PBXVariantGroup section */
		23FB5FF02362AF0A000CF140 /* Main.storyboard */ = {
			isa = PBXVariantGroup;
			children = (
				23FB5FF12362AF0A000CF140 /* Base */,
			);
			name = Main.storyboard;
			sourceTree = "<group>";
		};
		23FB5FF52362AF16000CF140 /* LaunchScreen.storyboard */ = {
			isa = PBXVariantGroup;
			children = (
				23FB5FF62362AF16000CF140 /* Base */,
			);
			name = LaunchScreen.storyboard;
			sourceTree = "<group>";
		};
/* End PBXVariantGroup section */

/* Begin XCBuildConfiguration section */
		23FB600F2362AF17000CF140 /* Debug */ = {
			isa = XCBuildConfiguration;
			buildSettings = {
				ALWAYS_SEARCH_USER_PATHS = NO;
				CLANG_ANALYZER_NONNULL = YES;
				CLANG_ANALYZER_NUMBER_OBJECT_CONVERSION = YES_AGGRESSIVE;
				CLANG_CXX_LANGUAGE_STANDARD = "gnu++14";
				CLANG_CXX_LIBRARY = "libc++";
				CLANG_ENABLE_MODULES = YES;
				CLANG_ENABLE_OBJC_ARC = YES;
				CLANG_ENABLE_OBJC_WEAK = YES;
				CLANG_WARN_BLOCK_CAPTURE_AUTORELEASING = YES;
				CLANG_WARN_BOOL_CONVERSION = YES;
				CLANG_WARN_COMMA = YES;
				CLANG_WARN_CONSTANT_CONVERSION = YES;
				CLANG_WARN_DEPRECATED_OBJC_IMPLEMENTATIONS = YES;
				CLANG_WARN_DIRECT_OBJC_ISA_USAGE = YES_ERROR;
				CLANG_WARN_DOCUMENTATION_COMMENTS = YES;
				CLANG_WARN_EMPTY_BODY = YES;
				CLANG_WARN_ENUM_CONVERSION = YES;
				CLANG_WARN_INFINITE_RECURSION = YES;
				CLANG_WARN_INT_CONVERSION = YES;
				CLANG_WARN_NON_LITERAL_NULL_CONVERSION = YES;
				CLANG_WARN_OBJC_IMPLICIT_RETAIN_SELF = YES;
				CLANG_WARN_OBJC_LITERAL_CONVERSION = YES;
				CLANG_WARN_OBJC_ROOT_CLASS = YES_ERROR;
				CLANG_WARN_RANGE_LOOP_ANALYSIS = YES;
				CLANG_WARN_STRICT_PROTOTYPES = YES;
				CLANG_WARN_SUSPICIOUS_MOVE = YES;
				CLANG_WARN_UNGUARDED_AVAILABILITY = YES_AGGRESSIVE;
				CLANG_WARN_UNREACHABLE_CODE = YES;
				CLANG_WARN__DUPLICATE_METHOD_MATCH = YES;
				CODE_SIGN_IDENTITY = "iPhone Developer";
				COPY_PHASE_STRIP = NO;
				DEBUG_INFORMATION_FORMAT = dwarf;
				ENABLE_STRICT_OBJC_MSGSEND = YES;
				ENABLE_TESTABILITY = YES;
				GCC_C_LANGUAGE_STANDARD = gnu11;
				GCC_DYNAMIC_NO_PIC = NO;
				GCC_NO_COMMON_BLOCKS = YES;
				GCC_OPTIMIZATION_LEVEL = 0;
				GCC_PREPROCESSOR_DEFINITIONS = (
					"DEBUG=1",
					"$(inherited)",
				);
				GCC_WARN_64_TO_32_BIT_CONVERSION = YES;
				GCC_WARN_ABOUT_RETURN_TYPE = YES_ERROR;
				GCC_WARN_UNDECLARED_SELECTOR = YES;
				GCC_WARN_UNINITIALIZED_AUTOS = YES_AGGRESSIVE;
				GCC_WARN_UNUSED_FUNCTION = YES;
				GCC_WARN_UNUSED_VARIABLE = YES;
				IPHONEOS_DEPLOYMENT_TARGET = 12.4;
				MTL_ENABLE_DEBUG_INFO = INCLUDE_SOURCE;
				MTL_FAST_MATH = YES;
				ONLY_ACTIVE_ARCH = YES;
				SDKROOT = iphoneos;
				SWIFT_ACTIVE_COMPILATION_CONDITIONS = DEBUG;
				SWIFT_OPTIMIZATION_LEVEL = "-Onone";
			};
			name = Debug;
		};
		23FB60102362AF17000CF140 /* Release */ = {
			isa = XCBuildConfiguration;
			buildSettings = {
				ALWAYS_SEARCH_USER_PATHS = NO;
				CLANG_ANALYZER_NONNULL = YES;
				CLANG_ANALYZER_NUMBER_OBJECT_CONVERSION = YES_AGGRESSIVE;
				CLANG_CXX_LANGUAGE_STANDARD = "gnu++14";
				CLANG_CXX_LIBRARY = "libc++";
				CLANG_ENABLE_MODULES = YES;
				CLANG_ENABLE_OBJC_ARC = YES;
				CLANG_ENABLE_OBJC_WEAK = YES;
				CLANG_WARN_BLOCK_CAPTURE_AUTORELEASING = YES;
				CLANG_WARN_BOOL_CONVERSION = YES;
				CLANG_WARN_COMMA = YES;
				CLANG_WARN_CONSTANT_CONVERSION = YES;
				CLANG_WARN_DEPRECATED_OBJC_IMPLEMENTATIONS = YES;
				CLANG_WARN_DIRECT_OBJC_ISA_USAGE = YES_ERROR;
				CLANG_WARN_DOCUMENTATION_COMMENTS = YES;
				CLANG_WARN_EMPTY_BODY = YES;
				CLANG_WARN_ENUM_CONVERSION = YES;
				CLANG_WARN_INFINITE_RECURSION = YES;
				CLANG_WARN_INT_CONVERSION = YES;
				CLANG_WARN_NON_LITERAL_NULL_CONVERSION = YES;
				CLANG_WARN_OBJC_IMPLICIT_RETAIN_SELF = YES;
				CLANG_WARN_OBJC_LITERAL_CONVERSION = YES;
				CLANG_WARN_OBJC_ROOT_CLASS = YES_ERROR;
				CLANG_WARN_RANGE_LOOP_ANALYSIS = YES;
				CLANG_WARN_STRICT_PROTOTYPES = YES;
				CLANG_WARN_SUSPICIOUS_MOVE = YES;
				CLANG_WARN_UNGUARDED_AVAILABILITY = YES_AGGRESSIVE;
				CLANG_WARN_UNREACHABLE_CODE = YES;
				CLANG_WARN__DUPLICATE_METHOD_MATCH = YES;
				CODE_SIGN_IDENTITY = "iPhone Developer";
				COPY_PHASE_STRIP = NO;
				DEBUG_INFORMATION_FORMAT = "dwarf-with-dsym";
				ENABLE_NS_ASSERTIONS = NO;
				ENABLE_STRICT_OBJC_MSGSEND = YES;
				GCC_C_LANGUAGE_STANDARD = gnu11;
				GCC_NO_COMMON_BLOCKS = YES;
				GCC_WARN_64_TO_32_BIT_CONVERSION = YES;
				GCC_WARN_ABOUT_RETURN_TYPE = YES_ERROR;
				GCC_WARN_UNDECLARED_SELECTOR = YES;
				GCC_WARN_UNINITIALIZED_AUTOS = YES_AGGRESSIVE;
				GCC_WARN_UNUSED_FUNCTION = YES;
				GCC_WARN_UNUSED_VARIABLE = YES;
				IPHONEOS_DEPLOYMENT_TARGET = 12.4;
				MTL_ENABLE_DEBUG_INFO = NO;
				MTL_FAST_MATH = YES;
				SDKROOT = iphoneos;
				SWIFT_COMPILATION_MODE = wholemodule;
				SWIFT_OPTIMIZATION_LEVEL = "-O";
				VALIDATE_PRODUCT = YES;
			};
			name = Release;
		};
		23FB60122362AF17000CF140 /* Debug */ = {
			isa = XCBuildConfiguration;
			buildSettings = {
				ASSETCATALOG_COMPILER_APPICON_NAME = AppIcon;
				CODE_SIGN_STYLE = Automatic;
				DEVELOPMENT_TEAM = C3W8YQCJ6C;
				INFOPLIST_FILE = TableView/Info.plist;
				LD_RUNPATH_SEARCH_PATHS = (
					"$(inherited)",
					"@executable_path/Frameworks",
				);
				PRODUCT_BUNDLE_IDENTIFIER = com.EE4304.TableView;
				PRODUCT_NAME = "$(TARGET_NAME)";
				SWIFT_VERSION = 5.0;
				TARGETED_DEVICE_FAMILY = "1,2";
			};
			name = Debug;
		};
		23FB60132362AF17000CF140 /* Release */ = {
			isa = XCBuildConfiguration;
			buildSettings = {
				ASSETCATALOG_COMPILER_APPICON_NAME = AppIcon;
				CODE_SIGN_STYLE = Automatic;
				DEVELOPMENT_TEAM = C3W8YQCJ6C;
				INFOPLIST_FILE = TableView/Info.plist;
				LD_RUNPATH_SEARCH_PATHS = (
					"$(inherited)",
					"@executable_path/Frameworks",
				);
				PRODUCT_BUNDLE_IDENTIFIER = com.EE4304.TableView;
				PRODUCT_NAME = "$(TARGET_NAME)";
				SWIFT_VERSION = 5.0;
				TARGETED_DEVICE_FAMILY = "1,2";
			};
			name = Release;
		};
		23FB60152362AF17000CF140 /* Debug */ = {
			isa = XCBuildConfiguration;
			buildSettings = {
				ALWAYS_EMBED_SWIFT_STANDARD_LIBRARIES = YES;
				BUNDLE_LOADER = "$(TEST_HOST)";
				CODE_SIGN_STYLE = Automatic;
				DEVELOPMENT_TEAM = C3W8YQCJ6C;
				INFOPLIST_FILE = TableViewTests/Info.plist;
				LD_RUNPATH_SEARCH_PATHS = (
					"$(inherited)",
					"@executable_path/Frameworks",
					"@loader_path/Frameworks",
				);
				PRODUCT_BUNDLE_IDENTIFIER = com.EE4304.TableViewTests;
				PRODUCT_NAME = "$(TARGET_NAME)";
				SWIFT_VERSION = 5.0;
				TARGETED_DEVICE_FAMILY = "1,2";
				TEST_HOST = "$(BUILT_PRODUCTS_DIR)/TableView.app/TableView";
			};
			name = Debug;
		};
		23FB60162362AF17000CF140 /* Release */ = {
			isa = XCBuildConfiguration;
			buildSettings = {
				ALWAYS_EMBED_SWIFT_STANDARD_LIBRARIES = YES;
				BUNDLE_LOADER = "$(TEST_HOST)";
				CODE_SIGN_STYLE = Automatic;
				DEVELOPMENT_TEAM = C3W8YQCJ6C;
				INFOPLIST_FILE = TableViewTests/Info.plist;
				LD_RUNPATH_SEARCH_PATHS = (
					"$(inherited)",
					"@executable_path/Frameworks",
					"@loader_path/Frameworks",
				);
				PRODUCT_BUNDLE_IDENTIFIER = com.EE4304.TableViewTests;
				PRODUCT_NAME = "$(TARGET_NAME)";
				SWIFT_VERSION = 5.0;
				TARGETED_DEVICE_FAMILY = "1,2";
				TEST_HOST = "$(BUILT_PRODUCTS_DIR)/TableView.app/TableView";
			};
			name = Release;
		};
		23FB60182362AF17000CF140 /* Debug */ = {
			isa = XCBuildConfiguration;
			buildSettings = {
				ALWAYS_EMBED_SWIFT_STANDARD_LIBRARIES = YES;
				CODE_SIGN_STYLE = Automatic;
				DEVELOPMENT_TEAM = C3W8YQCJ6C;
				INFOPLIST_FILE = TableViewUITests/Info.plist;
				LD_RUNPATH_SEARCH_PATHS = (
					"$(inherited)",
					"@executable_path/Frameworks",
					"@loader_path/Frameworks",
				);
				PRODUCT_BUNDLE_IDENTIFIER = com.EE4304.TableViewUITests;
				PRODUCT_NAME = "$(TARGET_NAME)";
				SWIFT_VERSION = 5.0;
				TARGETED_DEVICE_FAMILY = "1,2";
				TEST_TARGET_NAME = TableView;
			};
			name = Debug;
		};
		23FB60192362AF17000CF140 /* Release */ = {
			isa = XCBuildConfiguration;
			buildSettings = {
				ALWAYS_EMBED_SWIFT_STANDARD_LIBRARIES = YES;
				CODE_SIGN_STYLE = Automatic;
				DEVELOPMENT_TEAM = C3W8YQCJ6C;
				INFOPLIST_FILE = TableViewUITests/Info.plist;
				LD_RUNPATH_SEARCH_PATHS = (
					"$(inherited)",
					"@executable_path/Frameworks",
					"@loader_path/Frameworks",
				);
				PRODUCT_BUNDLE_IDENTIFIER = com.EE4304.TableViewUITests;
				PRODUCT_NAME = "$(TARGET_NAME)";
				SWIFT_VERSION = 5.0;
				TARGETED_DEVICE_FAMILY = "1,2";
				TEST_TARGET_NAME = TableView;
			};
			name = Release;
		};
/* End XCBuildConfiguration section */

/* Begin XCConfigurationList section */
		23FB5FE42362AF09000CF140 /* Build configuration list for PBXProject "TableView" */ = {
			isa = XCConfigurationList;
			buildConfigurations = (
				23FB600F2362AF17000CF140 /* Debug */,
				23FB60102362AF17000CF140 /* Release */,
			);
			defaultConfigurationIsVisible = 0;
			defaultConfigurationName = Release;
		};
		23FB60112362AF17000CF140 /* Build configuration list for PBXNativeTarget "TableView" */ = {
			isa = XCConfigurationList;
			buildConfigurations = (
				23FB60122362AF17000CF140 /* Debug */,
				23FB60132362AF17000CF140 /* Release */,
			);
			defaultConfigurationIsVisible = 0;
			defaultConfigurationName = Release;
		};
		23FB60142362AF17000CF140 /* Build configuration list for PBXNativeTarget "TableViewTests" */ = {
			isa = XCConfigurationList;
			buildConfigurations = (
				23FB60152362AF17000CF140 /* Debug */,
				23FB60162362AF17000CF140 /* Release */,
			);
			defaultConfigurationIsVisible = 0;
			defaultConfigurationName = Release;
		};
		23FB60172362AF17000CF140 /* Build configuration list for PBXNativeTarget "TableViewUITests" */ = {
			isa = XCConfigurationList;
			buildConfigurations = (
				23FB60182362AF17000CF140 /* Debug */,
				23FB60192362AF17000CF140 /* Release */,
			);
			defaultConfigurationIsVisible = 0;
			defaultConfigurationName = Release;
		};
/* End XCConfigurationList section */
	};
	rootObject = 23FB5FE12362AF09000CF140 /* Project object */;
}
